<?xml version="1.0" encoding="utf-8"?>
<Project ToolsVersion="4.0" xmlns="http://schemas.microsoft.com/developer/msbuild/2003">
  <ItemGroup>
    <Filter Include="Source Files">
      <UniqueIdentifier>{4FC737F1-C7A5-4376-A066-2A32D752A2FF}</UniqueIdentifier>
      <Extensions>cpp;c;cc;cxx;def;odl;idl;hpj;bat;asm;asmx</Extensions>
    </Filter>
    <Filter Include="Crypto">
      <UniqueIdentifier>{534d7b81-99fb-4011-9674-4e3bc677d31b}</UniqueIdentifier>
    </Filter>
  </ItemGroup>
  <ItemGroup>
    <Text Include="ReadMe.txt" />
  </ItemGroup>
  <ItemGroup>
    <ClInclude Include="..\crypto\rijndael-alg-fst.h">
      <Filter>Crypto</Filter>
    </ClInclude>
    <ClInclude Include="..\crypto\sha-256.h">
      <Filter>Crypto</Filter>
    </ClInclude>
    <ClInclude Include="..\crypto\rijndael-api-fst.h">
      <Filter>Crypto</Filter>
    </ClInclude>
  </ItemGroup>
  <ItemGroup>
    <ClCompile Include="..\crypto\rijndael-alg-fst.c">
      <Filter>Crypto</Filter>
    </ClCompile>
    <ClCompile Include="..\crypto\sha-256.c">
      <Filter>Crypto</Filter>
    </ClCompile>
    <ClCompile Include="..\crypto\notepadcrypt.c">
      <Filter>Source Files</Filter>
    </ClCompile>
    <ClCompile Include="..\crypto\rijndael-api-fst.c">
      <Filter>Crypto</Filter>
    </ClCompile>
  </ItemGroup>
</Project>